
Microsoft Visual Studio Solution File, Format Version 12.00
# Visual Studio Version 17
VisualStudioVersion = 17.10.35013.160
MinimumVisualStudioVersion = 10.0.40219.1
Project("{FAE04EC0-301F-11D3-BF4B-00C04F79EFBC}") = "QRGenerator", "QRGenerator.csproj", "{36CF554C-977E-4933-8785-A4D7EA087B7F}"
EndProject
Global
	GlobalSection(SolutionConfigurationPlatforms) = preSolution
		Debug|Any CPU = Debug|Any CPU
		Release|Any CPU = Release|Any CPU
	EndGlobalSection
	GlobalSection(ProjectConfigurationPlatforms) = postSolution
		{36CF554C-977E-4933-8785-A4D7EA087B7F}.Debug|Any CPU.ActiveCfg = Debug|Any CPU
		{36CF554C-977E-4933-8785-A4D7EA087B7F}.Debug|Any CPU.Build.0 = Debug|Any CPU
		{36CF554C-977E-4933-8785-A4D7EA087B7F}.Release|Any CPU.ActiveCfg = Release|Any CPU
		{36CF554C-977E-4933-8785-A4D7EA087B7F}.Release|Any CPU.Build.0 = Release|Any CPU
	EndGlobalSection
	GlobalSection(SolutionProperties) = preSolution
		HideSolutionNode = FALSE
	EndGlobalSection
	GlobalSection(ExtensibilityGlobals) = postSolution
		SolutionGuid = {CEF47778-6F8D-4AB2-9945-07170526FDE9}
	EndGlobalSection
EndGlobal
